<?xml version="1.0" encoding="utf-8"?>
<Project ToolsVersion="4.0" xmlns="http://schemas.microsoft.com/developer/msbuild/2003">
  <ItemGroup>
    <ClCompile Include="..\..\sources\win\dllmain.cpp" />
    <ClCompile Include="..\..\sources\win\scap.cpp" />
    <ClCompile Include="..\..\..\..\libpng\util\libpng_util.cpp">
      <Filter>pngutil</Filter>
    </ClCompile>
    <ClCompile Include="..\..\sources\win\dx_util.cpp" />
    <ClCompile Include="..\..\..\..\base\string_util.cpp">
      <Filter>base</Filter>
    </ClCompile>
  </ItemGroup>
  <ItemGroup>
    <ClInclude Include="..\..\sources\win\stdafx.h" />
    <ClInclude Include="..\..\sources\win\targetver.h" />
    <ClInclude Include="..\..\..\include\scap.h" />
    <ClInclude Include="..\..\..\include\scap_environ.h" />
    <ClInclude Include="..\..\..\..\libpng\util\libpng_util.h">
      <Filter>pngutil</Filter>
    </ClInclude>
    <ClInclude Include="..\..\sources\win\dx_util.h" />
    <ClInclude Include="..\..\sources\win\dx_util.inl.h" />
    <ClInclude Include="..\..\..\..\base\string_util.h">
      <Filter>base</Filter>
    </ClInclude>
  </ItemGroup>
  <ItemGroup>
    <Filter Include="pngutil">
      <UniqueIdentifier>{933f67a5-03b7-4114-8564-ac5004155b70}</UniqueIdentifier>
    </Filter>
    <Filter Include="base">
      <UniqueIdentifier>{331ac90b-9daa-4d28-8cb6-abe9294e9738}</UniqueIdentifier>
    </Filter>
  </ItemGroup>
</Project>