
Microsoft Visual Studio Solution File, Format Version 12.00
# Visual Studio 14
VisualStudioVersion = 14.0.25420.1
MinimumVisualStudioVersion = 10.0.40219.1
Project("{8BC9CEB8-8B4A-11D0-8D11-00A0C91BC942}") = "scapdx", "scapdx.vcxproj", "{F3C9B2DA-60E1-4E9D-BCA3-0F36CF048DD8}"
EndProject
Project("{8BC9CEB8-8B4A-11D0-8D11-00A0C91BC942}") = "scapdx_test", "..\..\tests\vs2015\scapdx_test.vcxproj", "{DCF3B274-CA73-49BF-BA6B-01A3B4696394}"
EndProject
Global
	GlobalSection(SolutionConfigurationPlatforms) = preSolution
		DebugDLL|x64 = DebugDLL|x64
		DebugDLL|x86 = DebugDLL|x86
		DebugMD|x64 = DebugMD|x64
		DebugMD|x86 = DebugMD|x86
		ReleaseDLL|x64 = ReleaseDLL|x64
		ReleaseDLL|x86 = ReleaseDLL|x86
		ReleaseMD|x64 = ReleaseMD|x64
		ReleaseMD|x86 = ReleaseMD|x86
	EndGlobalSection
	GlobalSection(ProjectConfigurationPlatforms) = postSolution
		{F3C9B2DA-60E1-4E9D-BCA3-0F36CF048DD8}.DebugDLL|x64.ActiveCfg = DebugDLL|x64
		{F3C9B2DA-60E1-4E9D-BCA3-0F36CF048DD8}.DebugDLL|x64.Build.0 = DebugDLL|x64
		{F3C9B2DA-60E1-4E9D-BCA3-0F36CF048DD8}.DebugDLL|x86.ActiveCfg = DebugDLL|Win32
		{F3C9B2DA-60E1-4E9D-BCA3-0F36CF048DD8}.DebugDLL|x86.Build.0 = DebugDLL|Win32
		{F3C9B2DA-60E1-4E9D-BCA3-0F36CF048DD8}.DebugMD|x64.ActiveCfg = DebugMD|x64
		{F3C9B2DA-60E1-4E9D-BCA3-0F36CF048DD8}.DebugMD|x64.Build.0 = DebugMD|x64
		{F3C9B2DA-60E1-4E9D-BCA3-0F36CF048DD8}.DebugMD|x86.ActiveCfg = DebugMD|Win32
		{F3C9B2DA-60E1-4E9D-BCA3-0F36CF048DD8}.DebugMD|x86.Build.0 = DebugMD|Win32
		{F3C9B2DA-60E1-4E9D-BCA3-0F36CF048DD8}.ReleaseDLL|x64.ActiveCfg = ReleaseDLL|x64
		{F3C9B2DA-60E1-4E9D-BCA3-0F36CF048DD8}.ReleaseDLL|x64.Build.0 = ReleaseDLL|x64
		{F3C9B2DA-60E1-4E9D-BCA3-0F36CF048DD8}.ReleaseDLL|x86.ActiveCfg = ReleaseDLL|Win32
		{F3C9B2DA-60E1-4E9D-BCA3-0F36CF048DD8}.ReleaseDLL|x86.Build.0 = ReleaseDLL|Win32
		{F3C9B2DA-60E1-4E9D-BCA3-0F36CF048DD8}.ReleaseMD|x64.ActiveCfg = ReleaseMD|x64
		{F3C9B2DA-60E1-4E9D-BCA3-0F36CF048DD8}.ReleaseMD|x64.Build.0 = ReleaseMD|x64
		{F3C9B2DA-60E1-4E9D-BCA3-0F36CF048DD8}.ReleaseMD|x86.ActiveCfg = ReleaseMD|Win32
		{F3C9B2DA-60E1-4E9D-BCA3-0F36CF048DD8}.ReleaseMD|x86.Build.0 = ReleaseMD|Win32
		{DCF3B274-CA73-49BF-BA6B-01A3B4696394}.DebugDLL|x64.ActiveCfg = DebugDLL|x64
		{DCF3B274-CA73-49BF-BA6B-01A3B4696394}.DebugDLL|x64.Build.0 = DebugDLL|x64
		{DCF3B274-CA73-49BF-BA6B-01A3B4696394}.DebugDLL|x86.ActiveCfg = DebugDLL|Win32
		{DCF3B274-CA73-49BF-BA6B-01A3B4696394}.DebugDLL|x86.Build.0 = DebugDLL|Win32
		{DCF3B274-CA73-49BF-BA6B-01A3B4696394}.DebugMD|x64.ActiveCfg = DebugMD|x64
		{DCF3B274-CA73-49BF-BA6B-01A3B4696394}.DebugMD|x64.Build.0 = DebugMD|x64
		{DCF3B274-CA73-49BF-BA6B-01A3B4696394}.DebugMD|x86.ActiveCfg = DebugMD|Win32
		{DCF3B274-CA73-49BF-BA6B-01A3B4696394}.DebugMD|x86.Build.0 = DebugMD|Win32
		{DCF3B274-CA73-49BF-BA6B-01A3B4696394}.ReleaseDLL|x64.ActiveCfg = ReleaseDLL|x64
		{DCF3B274-CA73-49BF-BA6B-01A3B4696394}.ReleaseDLL|x64.Build.0 = ReleaseDLL|x64
		{DCF3B274-CA73-49BF-BA6B-01A3B4696394}.ReleaseDLL|x86.ActiveCfg = ReleaseDLL|Win32
		{DCF3B274-CA73-49BF-BA6B-01A3B4696394}.ReleaseDLL|x86.Build.0 = ReleaseDLL|Win32
		{DCF3B274-CA73-49BF-BA6B-01A3B4696394}.ReleaseMD|x64.ActiveCfg = ReleaseMD|x64
		{DCF3B274-CA73-49BF-BA6B-01A3B4696394}.ReleaseMD|x64.Build.0 = ReleaseMD|x64
		{DCF3B274-CA73-49BF-BA6B-01A3B4696394}.ReleaseMD|x86.ActiveCfg = ReleaseMD|Win32
		{DCF3B274-CA73-49BF-BA6B-01A3B4696394}.ReleaseMD|x86.Build.0 = ReleaseMD|Win32
	EndGlobalSection
	GlobalSection(SolutionProperties) = preSolution
		HideSolutionNode = FALSE
	EndGlobalSection
EndGlobal
